
Microsoft Visual Studio Solution File, Format Version 12.00
# Visual Studio Version 16
VisualStudioVersion = 16.0.808.6
MinimumVisualStudioVersion = 10.0.40219.1
Project("{FAE04EC0-301F-11D3-BF4B-00C04F79EFBC}") = "reservation-appnet", "reservation-appnet\reservation-appnet.csproj", "{4BFF70EE-CB3F-4292-88DC-C20517EE4E17}"
EndProject
Project("{2150E333-8FDC-42A3-9474-1A3956D46DE8}") = "Solution Items", "Solution Items", "{03C61DA5-C03D-4E90-870C-71BEF8E3EFDD}"
	ProjectSection(SolutionItems) = preProject
		.editorconfig = .editorconfig
	EndProjectSection
EndProject
Project("{E53339B2-1760-4266-BCC7-CA923CBCF16C}") = "docker-compose", "docker-compose.dcproj", "{E4E5F4BF-9EFD-4146-A58C-BD850FB45057}"
EndProject
Global
	GlobalSection(SolutionConfigurationPlatforms) = preSolution
		Debug|Any CPU = Debug|Any CPU
		Release|Any CPU = Release|Any CPU
	EndGlobalSection
	GlobalSection(ProjectConfigurationPlatforms) = postSolution
		{4BFF70EE-CB3F-4292-88DC-C20517EE4E17}.Debug|Any CPU.ActiveCfg = Debug|Any CPU
		{4BFF70EE-CB3F-4292-88DC-C20517EE4E17}.Debug|Any CPU.Build.0 = Debug|Any CPU
		{4BFF70EE-CB3F-4292-88DC-C20517EE4E17}.Release|Any CPU.ActiveCfg = Release|Any CPU
		{4BFF70EE-CB3F-4292-88DC-C20517EE4E17}.Release|Any CPU.Build.0 = Release|Any CPU
		{E4E5F4BF-9EFD-4146-A58C-BD850FB45057}.Debug|Any CPU.ActiveCfg = Debug|Any CPU
		{E4E5F4BF-9EFD-4146-A58C-BD850FB45057}.Debug|Any CPU.Build.0 = Debug|Any CPU
		{E4E5F4BF-9EFD-4146-A58C-BD850FB45057}.Release|Any CPU.ActiveCfg = Release|Any CPU
		{E4E5F4BF-9EFD-4146-A58C-BD850FB45057}.Release|Any CPU.Build.0 = Release|Any CPU
	EndGlobalSection
	GlobalSection(SolutionProperties) = preSolution
		HideSolutionNode = FALSE
	EndGlobalSection
	GlobalSection(ExtensibilityGlobals) = postSolution
		SolutionGuid = {DF937F00-A666-4F6A-A308-91C37DC5C85F}
	EndGlobalSection
	GlobalSection(MonoDevelopProperties) = preSolution
		Policies = $0
		$0.TextStylePolicy = $1
		$1.inheritsSet = null
		$1.scope = text/x-csharp
		$0.CSharpFormattingPolicy = $2
		$2.scope = text/x-csharp
	EndGlobalSection
EndGlobal
